
Microsoft Visual Studio Solution File, Format Version 12.00
# Visual Studio 14
VisualStudioVersion = 14.0.23107.0
MinimumVisualStudioVersion = 10.0.40219.1
Project("{FAE04EC0-301F-11D3-BF4B-00C04F79EFBC}") = "DeckOfCards", "DeckOfCards\DeckOfCards.csproj", "{6B962C4E-940C-49CA-B047-87E422C0732D}"
EndProject
Project("{FAE04EC0-301F-11D3-BF4B-00C04F79EFBC}") = "DeckOfCards.Test", "DeckOfCards.Test\DeckOfCards.Test.csproj", "{F7F4AF70-94B2-4E75-9C85-E0344F0E69B9}"
EndProject
Global
	GlobalSection(SolutionConfigurationPlatforms) = preSolution
		Debug|Any CPU = Debug|Any CPU
		Release|Any CPU = Release|Any CPU
	EndGlobalSection
	GlobalSection(ProjectConfigurationPlatforms) = postSolution
		{6B962C4E-940C-49CA-B047-87E422C0732D}.Debug|Any CPU.ActiveCfg = Debug|Any CPU
		{6B962C4E-940C-49CA-B047-87E422C0732D}.Debug|Any CPU.Build.0 = Debug|Any CPU
		{6B962C4E-940C-49CA-B047-87E422C0732D}.Release|Any CPU.ActiveCfg = Release|Any CPU
		{6B962C4E-940C-49CA-B047-87E422C0732D}.Release|Any CPU.Build.0 = Release|Any CPU
		{F7F4AF70-94B2-4E75-9C85-E0344F0E69B9}.Debug|Any CPU.ActiveCfg = Debug|Any CPU
		{F7F4AF70-94B2-4E75-9C85-E0344F0E69B9}.Debug|Any CPU.Build.0 = Debug|Any CPU
		{F7F4AF70-94B2-4E75-9C85-E0344F0E69B9}.Release|Any CPU.ActiveCfg = Release|Any CPU
		{F7F4AF70-94B2-4E75-9C85-E0344F0E69B9}.Release|Any CPU.Build.0 = Release|Any CPU
	EndGlobalSection
	GlobalSection(SolutionProperties) = preSolution
		HideSolutionNode = FALSE
	EndGlobalSection
EndGlobal
